// !$*UTF8*$!
{
	archiveVersion = 1;
	classes = {
	};
	objectVersion = 77;
	objects = {

/* Begin PBXContainerItemProxy section */
		C8AB917C2DFB268A0096AE68 /* PBXContainerItemProxy */ = {
			isa = PBXContainerItemProxy;
			containerPortal = C8AB91632DFB26890096AE68 /* Project object */;
			proxyType = 1;
			remoteGlobalIDString = C8AB916A2DFB26890096AE68;
			remoteInfo = "mlx-chat";
		};
		C8AB91862DFB268B0096AE68 /* PBXContainerItemProxy */ = {
			isa = PBXContainerItemProxy;
			containerPortal = C8AB91632DFB26890096AE68 /* Project object */;
			proxyType = 1;
			remoteGlobalIDString = C8AB916A2DFB26890096AE68;
			remoteInfo = "mlx-chat";
		};
/* End PBXContainerItemProxy section */

/* Begin PBXFileReference section */
		C8AB916B2DFB26890096AE68 /* mlx-chat.app */ = {isa = PBXFileReference; explicitFileType = wrapper.application; includeInIndex = 0; path = "mlx-chat.app"; sourceTree = BUILT_PRODUCTS_DIR; };
		C8AB917B2DFB268A0096AE68 /* mlx-chatTests.xctest */ = {isa = PBXFileReference; explicitFileType = wrapper.cfbundle; includeInIndex = 0; path = "mlx-chatTests.xctest"; sourceTree = BUILT_PRODUCTS_DIR; };
		C8AB91852DFB268B0096AE68 /* mlx-chatUITests.xctest */ = {isa = PBXFileReference; explicitFileType = wrapper.cfbundle; includeInIndex = 0; path = "mlx-chatUITests.xctest"; sourceTree = BUILT_PRODUCTS_DIR; };
/* End PBXFileReference section */

/* Begin PBXFileSystemSynchronizedRootGroup section */
		C8AB916D2DFB26890096AE68 /* mlx-chat */ = {
			isa = PBXFileSystemSynchronizedRootGroup;
			path = "mlx-chat";
			sourceTree = "<group>";
		};
		C8AB917E2DFB268A0096AE68 /* mlx-chatTests */ = {
			isa = PBXFileSystemSynchronizedRootGroup;
			path = "mlx-chatTests";
			sourceTree = "<group>";
		};
		C8AB91882DFB268B0096AE68 /* mlx-chatUITests */ = {
			isa = PBXFileSystemSynchronizedRootGroup;
			path = "mlx-chatUITests";
			sourceTree = "<group>";
		};
/* End PBXFileSystemSynchronizedRootGroup section */

/* Begin PBXFrameworksBuildPhase section */
		C8AB91682DFB26890096AE68 /* Frameworks */ = {
			isa = PBXFrameworksBuildPhase;
			buildActionMask = 2147483647;
			files = (
			);
			runOnlyForDeploymentPostprocessing = 0;
		};
		C8AB91782DFB268A0096AE68 /* Frameworks */ = {
			isa = PBXFrameworksBuildPhase;
			buildActionMask = 2147483647;
			files = (
			);
			runOnlyForDeploymentPostprocessing = 0;
		};
		C8AB91822DFB268B0096AE68 /* Frameworks */ = {
			isa = PBXFrameworksBuildPhase;
			buildActionMask = 2147483647;
			files = (
			);
			runOnlyForDeploymentPostprocessing = 0;
		};
/* End PBXFrameworksBuildPhase section */

/* Begin PBXGroup section */
		C8AB91622DFB26890096AE68 = {
			isa = PBXGroup;
			children = (
				C8AB916D2DFB26890096AE68 /* mlx-chat */,
				C8AB917E2DFB268A0096AE68 /* mlx-chatTests */,
				C8AB91882DFB268B0096AE68 /* mlx-chatUITests */,
				C8AB916C2DFB26890096AE68 /* Products */,
			);
			sourceTree = "<group>";
		};
		C8AB916C2DFB26890096AE68 /* Products */ = {
			isa = PBXGroup;
			children = (
				C8AB916B2DFB26890096AE68 /* mlx-chat.app */,
				C8AB917B2DFB268A0096AE68 /* mlx-chatTests.xctest */,
				C8AB91852DFB268B0096AE68 /* mlx-chatUITests.xctest */,
			);
			name = Products;
			sourceTree = "<group>";
		};
/* End PBXGroup section */

/* Begin PBXNativeTarget section */
		C8AB916A2DFB26890096AE68 /* mlx-chat */ = {
			isa = PBXNativeTarget;
			buildConfigurationList = C8AB918F2DFB268B0096AE68 /* Build configuration list for PBXNativeTarget "mlx-chat" */;
			buildPhases = (
				C8AB91672DFB26890096AE68 /* Sources */,
				C8AB91682DFB26890096AE68 /* Frameworks */,
				C8AB91692DFB26890096AE68 /* Resources */,
			);
			buildRules = (
			);
			dependencies = (
			);
			fileSystemSynchronizedGroups = (
				C8AB916D2DFB26890096AE68 /* mlx-chat */,
			);
			name = "mlx-chat";
			packageProductDependencies = (
			);
			productName = "mlx-chat";
			productReference = C8AB916B2DFB26890096AE68 /* mlx-chat.app */;
			productType = "com.apple.product-type.application";
		};
		C8AB917A2DFB268A0096AE68 /* mlx-chatTests */ = {
			isa = PBXNativeTarget;
			buildConfigurationList = C8AB91922DFB268B0096AE68 /* Build configuration list for PBXNativeTarget "mlx-chatTests" */;
			buildPhases = (
				C8AB91772DFB268A0096AE68 /* Sources */,
				C8AB91782DFB268A0096AE68 /* Frameworks */,
				C8AB91792DFB268A0096AE68 /* Resources */,
			);
			buildRules = (
			);
			dependencies = (
				C8AB917D2DFB268A0096AE68 /* PBXTargetDependency */,
			);
			fileSystemSynchronizedGroups = (
				C8AB917E2DFB268A0096AE68 /* mlx-chatTests */,
			);
			name = "mlx-chatTests";
			packageProductDependencies = (
			);
			productName = "mlx-chatTests";
			productReference = C8AB917B2DFB268A0096AE68 /* mlx-chatTests.xctest */;
			productType = "com.apple.product-type.bundle.unit-test";
		};
		C8AB91842DFB268B0096AE68 /* mlx-chatUITests */ = {
			isa = PBXNativeTarget;
			buildConfigurationList = C8AB91952DFB268B0096AE68 /* Build configuration list for PBXNativeTarget "mlx-chatUITests" */;
			buildPhases = (
				C8AB91812DFB268B0096AE68 /* Sources */,
				C8AB91822DFB268B0096AE68 /* Frameworks */,
				C8AB91832DFB268B0096AE68 /* Resources */,
			);
			buildRules = (
			);
			dependencies = (
				C8AB91872DFB268B0096AE68 /* PBXTargetDependency */,
			);
			fileSystemSynchronizedGroups = (
				C8AB91882DFB268B0096AE68 /* mlx-chatUITests */,
			);
			name = "mlx-chatUITests";
			packageProductDependencies = (
			);
			productName = "mlx-chatUITests";
			productReference = C8AB91852DFB268B0096AE68 /* mlx-chatUITests.xctest */;
			productType = "com.apple.product-type.bundle.ui-testing";
		};
/* End PBXNativeTarget section */

/* Begin PBXProject section */
		C8AB91632DFB26890096AE68 /* Project object */ = {
			isa = PBXProject;
			attributes = {
				BuildIndependentTargetsInParallel = 1;
				LastSwiftUpdateCheck = 1620;
				LastUpgradeCheck = 1620;
				TargetAttributes = {
					C8AB916A2DFB26890096AE68 = {
						CreatedOnToolsVersion = 16.2;
					};
					C8AB917A2DFB268A0096AE68 = {
						CreatedOnToolsVersion = 16.2;
						TestTargetID = C8AB916A2DFB26890096AE68;
					};
					C8AB91842DFB268B0096AE68 = {
						CreatedOnToolsVersion = 16.2;
						TestTargetID = C8AB916A2DFB26890096AE68;
					};
				};
			};
			buildConfigurationList = C8AB91662DFB26890096AE68 /* Build configuration list for PBXProject "mlx-chat" */;
			developmentRegion = en;
			hasScannedForEncodings = 0;
			knownRegions = (
				en,
				Base,
			);
			mainGroup = C8AB91622DFB26890096AE68;
			minimizedProjectReferenceProxies = 1;
			preferredProjectObjectVersion = 77;
			productRefGroup = C8AB916C2DFB26890096AE68 /* Products */;
			projectDirPath = "";
			projectRoot = "";
			targets = (
				C8AB916A2DFB26890096AE68 /* mlx-chat */,
				C8AB917A2DFB268A0096AE68 /* mlx-chatTests */,
				C8AB91842DFB268B0096AE68 /* mlx-chatUITests */,
			);
		};
/* End PBXProject section */

/* Begin PBXResourcesBuildPhase section */
		C8AB91692DFB26890096AE68 /* Resources */ = {
			isa = PBXResourcesBuildPhase;
			buildActionMask = 2147483647;
			files = (
			);
			runOnlyForDeploymentPostprocessing = 0;
		};
		C8AB91792DFB268A0096AE68 /* Resources */ = {
			isa = PBXResourcesBuildPhase;
			buildActionMask = 2147483647;
			files = (
			);
			runOnlyForDeploymentPostprocessing = 0;
		};
		C8AB91832DFB268B0096AE68 /* Resources */ = {
			isa = PBXResourcesBuildPhase;
			buildActionMask = 2147483647;
			files = (
			);
			runOnlyForDeploymentPostprocessing = 0;
		};
/* End PBXResourcesBuildPhase section */

/* Begin PBXSourcesBuildPhase section */
		C8AB91672DFB26890096AE68 /* Sources */ = {
			isa = PBXSourcesBuildPhase;
			buildActionMask = 2147483647;
			files = (
			);
			runOnlyForDeploymentPostprocessing = 0;
		};
		C8AB91772DFB268A0096AE68 /* Sources */ = {
			isa = PBXSourcesBuildPhase;
			buildActionMask = 2147483647;
			files = (
			);
			runOnlyForDeploymentPostprocessing = 0;
		};
		C8AB91812DFB268B0096AE68 /* Sources */ = {
			isa = PBXSourcesBuildPhase;
			buildActionMask = 2147483647;
			files = (
			);
			runOnlyForDeploymentPostprocessing = 0;
		};
/* End PBXSourcesBuildPhase section */

/* Begin PBXTargetDependency section */
		C8AB917D2DFB268A0096AE68 /* PBXTargetDependency */ = {
			isa = PBXTargetDependency;
			target = C8AB916A2DFB26890096AE68 /* mlx-chat */;
			targetProxy = C8AB917C2DFB268A0096AE68 /* PBXContainerItemProxy */;
		};
		C8AB91872DFB268B0096AE68 /* PBXTargetDependency */ = {
			isa = PBXTargetDependency;
			target = C8AB916A2DFB26890096AE68 /* mlx-chat */;
			targetProxy = C8AB91862DFB268B0096AE68 /* PBXContainerItemProxy */;
		};
/* End PBXTargetDependency section */

/* Begin XCBuildConfiguration section */
		C8AB918D2DFB268B0096AE68 /* Debug */ = {
			isa = XCBuildConfiguration;
			buildSettings = {
				ALWAYS_SEARCH_USER_PATHS = NO;
				ASSETCATALOG_COMPILER_GENERATE_SWIFT_ASSET_SYMBOL_EXTENSIONS = YES;
				CLANG_ANALYZER_NONNULL = YES;
				CLANG_ANALYZER_NUMBER_OBJECT_CONVERSION = YES_AGGRESSIVE;
				CLANG_CXX_LANGUAGE_STANDARD = "gnu++20";
				CLANG_ENABLE_MODULES = YES;
				CLANG_ENABLE_OBJC_ARC = YES;
				CLANG_ENABLE_OBJC_WEAK = YES;
				CLANG_WARN_BLOCK_CAPTURE_AUTORELEASING = YES;
				CLANG_WARN_BOOL_CONVERSION = YES;
				CLANG_WARN_COMMA = YES;
				CLANG_WARN_CONSTANT_CONVERSION = YES;
				CLANG_WARN_DEPRECATED_OBJC_IMPLEMENTATIONS = YES;
				CLANG_WARN_DIRECT_OBJC_ISA_USAGE = YES_ERROR;
				CLANG_WARN_DOCUMENTATION_COMMENTS = YES;
				CLANG_WARN_EMPTY_BODY = YES;
				CLANG_WARN_ENUM_CONVERSION = YES;
				CLANG_WARN_INFINITE_RECURSION = YES;
				CLANG_WARN_INT_CONVERSION = YES;
				CLANG_WARN_NON_LITERAL_NULL_CONVERSION = YES;
				CLANG_WARN_OBJC_IMPLICIT_RETAIN_SELF = YES;
				CLANG_WARN_OBJC_LITERAL_CONVERSION = YES;
				CLANG_WARN_OBJC_ROOT_CLASS = YES_ERROR;
				CLANG_WARN_QUOTED_INCLUDE_IN_FRAMEWORK_HEADER = YES;
				CLANG_WARN_RANGE_LOOP_ANALYSIS = YES;
				CLANG_WARN_STRICT_PROTOTYPES = YES;
				CLANG_WARN_SUSPICIOUS_MOVE = YES;
				CLANG_WARN_UNGUARDED_AVAILABILITY = YES_AGGRESSIVE;
				CLANG_WARN_UNREACHABLE_CODE = YES;
				CLANG_WARN__DUPLICATE_METHOD_MATCH = YES;
				COPY_PHASE_STRIP = NO;
				DEBUG_INFORMATION_FORMAT = dwarf;
				ENABLE_STRICT_OBJC_MSGSEND = YES;
				ENABLE_TESTABILITY = YES;
				ENABLE_USER_SCRIPT_SANDBOXING = YES;
				GCC_C_LANGUAGE_STANDARD = gnu17;
				GCC_DYNAMIC_NO_PIC = NO;
				GCC_NO_COMMON_BLOCKS = YES;
				GCC_OPTIMIZATION_LEVEL = 0;
				GCC_PREPROCESSOR_DEFINITIONS = (
					"DEBUG=1",
					"$(inherited)",
				);
				GCC_WARN_64_TO_32_BIT_CONVERSION = YES;
				GCC_WARN_ABOUT_RETURN_TYPE = YES_ERROR;
				GCC_WARN_UNDECLARED_SELECTOR = YES;
				GCC_WARN_UNINITIALIZED_AUTOS = YES_AGGRESSIVE;
				GCC_WARN_UNUSED_FUNCTION = YES;
				GCC_WARN_UNUSED_VARIABLE = YES;
				IPHONEOS_DEPLOYMENT_TARGET = 18.2;
				LOCALIZATION_PREFERS_STRING_CATALOGS = YES;
				MTL_ENABLE_DEBUG_INFO = INCLUDE_SOURCE;
				MTL_FAST_MATH = YES;
				ONLY_ACTIVE_ARCH = YES;
				SDKROOT = iphoneos;
				SWIFT_ACTIVE_COMPILATION_CONDITIONS = "DEBUG $(inherited)";
				SWIFT_OPTIMIZATION_LEVEL = "-Onone";
			};
			name = Debug;
		};
		C8AB918E2DFB268B0096AE68 /* Release */ = {
			isa = XCBuildConfiguration;
			buildSettings = {
				ALWAYS_SEARCH_USER_PATHS = NO;
				ASSETCATALOG_COMPILER_GENERATE_SWIFT_ASSET_SYMBOL_EXTENSIONS = YES;
				CLANG_ANALYZER_NONNULL = YES;
				CLANG_ANALYZER_NUMBER_OBJECT_CONVERSION = YES_AGGRESSIVE;
				CLANG_CXX_LANGUAGE_STANDARD = "gnu++20";
				CLANG_ENABLE_MODULES = YES;
				CLANG_ENABLE_OBJC_ARC = YES;
				CLANG_ENABLE_OBJC_WEAK = YES;
				CLANG_WARN_BLOCK_CAPTURE_AUTORELEASING = YES;
				CLANG_WARN_BOOL_CONVERSION = YES;
				CLANG_WARN_COMMA = YES;
				CLANG_WARN_CONSTANT_CONVERSION = YES;
				CLANG_WARN_DEPRECATED_OBJC_IMPLEMENTATIONS = YES;
				CLANG_WARN_DIRECT_OBJC_ISA_USAGE = YES_ERROR;
				CLANG_WARN_DOCUMENTATION_COMMENTS = YES;
				CLANG_WARN_EMPTY_BODY = YES;
				CLANG_WARN_ENUM_CONVERSION = YES;
				CLANG_WARN_INFINITE_RECURSION = YES;
				CLANG_WARN_INT_CONVERSION = YES;
				CLANG_WARN_NON_LITERAL_NULL_CONVERSION = YES;
				CLANG_WARN_OBJC_IMPLICIT_RETAIN_SELF = YES;
				CLANG_WARN_OBJC_LITERAL_CONVERSION = YES;
				CLANG_WARN_OBJC_ROOT_CLASS = YES_ERROR;
				CLANG_WARN_QUOTED_INCLUDE_IN_FRAMEWORK_HEADER = YES;
				CLANG_WARN_RANGE_LOOP_ANALYSIS = YES;
				CLANG_WARN_STRICT_PROTOTYPES = YES;
				CLANG_WARN_SUSPICIOUS_MOVE = YES;
				CLANG_WARN_UNGUARDED_AVAILABILITY = YES_AGGRESSIVE;
				CLANG_WARN_UNREACHABLE_CODE = YES;
				CLANG_WARN__DUPLICATE_METHOD_MATCH = YES;
				COPY_PHASE_STRIP = NO;
				DEBUG_INFORMATION_FORMAT = "dwarf-with-dsym";
				ENABLE_NS_ASSERTIONS = NO;
				ENABLE_STRICT_OBJC_MSGSEND = YES;
				ENABLE_USER_SCRIPT_SANDBOXING = YES;
				GCC_C_LANGUAGE_STANDARD = gnu17;
				GCC_NO_COMMON_BLOCKS = YES;
				GCC_WARN_64_TO_32_BIT_CONVERSION = YES;
				GCC_WARN_ABOUT_RETURN_TYPE = YES_ERROR;
				GCC_WARN_UNDECLARED_SELECTOR = YES;
				GCC_WARN_UNINITIALIZED_AUTOS = YES_AGGRESSIVE;
				GCC_WARN_UNUSED_FUNCTION = YES;
				GCC_WARN_UNUSED_VARIABLE = YES;
				IPHONEOS_DEPLOYMENT_TARGET = 18.2;
				LOCALIZATION_PREFERS_STRING_CATALOGS = YES;
				MTL_ENABLE_DEBUG_INFO = NO;
				MTL_FAST_MATH = YES;
				SDKROOT = iphoneos;
				SWIFT_COMPILATION_MODE = wholemodule;
				VALIDATE_PRODUCT = YES;
			};
			name = Release;
		};
		C8AB91902DFB268B0096AE68 /* Debug */ = {
			isa = XCBuildConfiguration;
			buildSettings = {
				ASSETCATALOG_COMPILER_APPICON_NAME = AppIcon;
				ASSETCATALOG_COMPILER_GLOBAL_ACCENT_COLOR_NAME = AccentColor;
				CODE_SIGN_STYLE = Automatic;
				CURRENT_PROJECT_VERSION = 1;
				DEVELOPMENT_ASSET_PATHS = "\"mlx-chat/Preview Content\"";
				DEVELOPMENT_TEAM = 6K3XX5R74V;
				ENABLE_PREVIEWS = YES;
				GENERATE_INFOPLIST_FILE = YES;
				INFOPLIST_KEY_UIApplicationSceneManifest_Generation = YES;
				INFOPLIST_KEY_UIApplicationSupportsIndirectInputEvents = YES;
				INFOPLIST_KEY_UILaunchScreen_Generation = YES;
				INFOPLIST_KEY_UISupportedInterfaceOrientations_iPad = "UIInterfaceOrientationPortrait UIInterfaceOrientationPortraitUpsideDown UIInterfaceOrientationLandscapeLeft UIInterfaceOrientationLandscapeRight";
				INFOPLIST_KEY_UISupportedInterfaceOrientations_iPhone = "UIInterfaceOrientationPortrait UIInterfaceOrientationLandscapeLeft UIInterfaceOrientationLandscapeRight";
				LD_RUNPATH_SEARCH_PATHS = (
					"$(inherited)",
					"@executable_path/Frameworks",
				);
				MARKETING_VERSION = 1.0;
				PRODUCT_BUNDLE_IDENTIFIER = "com.seamlesspay.mlx-chat";
				PRODUCT_NAME = "$(TARGET_NAME)";
				SWIFT_EMIT_LOC_STRINGS = YES;
				SWIFT_VERSION = 5.0;
				TARGETED_DEVICE_FAMILY = "1,2";
			};
			name = Debug;
		};
		C8AB91912DFB268B0096AE68 /* Release */ = {
			isa = XCBuildConfiguration;
			buildSettings = {
				ASSETCATALOG_COMPILER_APPICON_NAME = AppIcon;
				ASSETCATALOG_COMPILER_GLOBAL_ACCENT_COLOR_NAME = AccentColor;
				CODE_SIGN_STYLE = Automatic;
				CURRENT_PROJECT_VERSION = 1;
				DEVELOPMENT_ASSET_PATHS = "\"mlx-chat/Preview Content\"";
				DEVELOPMENT_TEAM = 6K3XX5R74V;
				ENABLE_PREVIEWS = YES;
				GENERATE_INFOPLIST_FILE = YES;
				INFOPLIST_KEY_UIApplicationSceneManifest_Generation = YES;
				INFOPLIST_KEY_UIApplicationSupportsIndirectInputEvents = YES;
				INFOPLIST_KEY_UILaunchScreen_Generation = YES;
				INFOPLIST_KEY_UISupportedInterfaceOrientations_iPad = "UIInterfaceOrientationPortrait UIInterfaceOrientationPortraitUpsideDown UIInterfaceOrientationLandscapeLeft UIInterfaceOrientationLandscapeRight";
				INFOPLIST_KEY_UISupportedInterfaceOrientations_iPhone = "UIInterfaceOrientationPortrait UIInterfaceOrientationLandscapeLeft UIInterfaceOrientationLandscapeRight";
				LD_RUNPATH_SEARCH_PATHS = (
					"$(inherited)",
					"@executable_path/Frameworks",
				);
				MARKETING_VERSION = 1.0;
				PRODUCT_BUNDLE_IDENTIFIER = "com.seamlesspay.mlx-chat";
				PRODUCT_NAME = "$(TARGET_NAME)";
				SWIFT_EMIT_LOC_STRINGS = YES;
				SWIFT_VERSION = 5.0;
				TARGETED_DEVICE_FAMILY = "1,2";
			};
			name = Release;
		};
		C8AB91932DFB268B0096AE68 /* Debug */ = {
			isa = XCBuildConfiguration;
			buildSettings = {
				BUNDLE_LOADER = "$(TEST_HOST)";
				CODE_SIGN_STYLE = Automatic;
				CURRENT_PROJECT_VERSION = 1;
				DEVELOPMENT_TEAM = 6K3XX5R74V;
				GENERATE_INFOPLIST_FILE = YES;
				IPHONEOS_DEPLOYMENT_TARGET = 18.2;
				MARKETING_VERSION = 1.0;
				PRODUCT_BUNDLE_IDENTIFIER = "com.seamlesspay.mlx-chatTests";
				PRODUCT_NAME = "$(TARGET_NAME)";
				SWIFT_EMIT_LOC_STRINGS = NO;
				SWIFT_VERSION = 5.0;
				TARGETED_DEVICE_FAMILY = "1,2";
				TEST_HOST = "$(BUILT_PRODUCTS_DIR)/mlx-chat.app/$(BUNDLE_EXECUTABLE_FOLDER_PATH)/mlx-chat";
			};
			name = Debug;
		};
		C8AB91942DFB268B0096AE68 /* Release */ = {
			isa = XCBuildConfiguration;
			buildSettings = {
				BUNDLE_LOADER = "$(TEST_HOST)";
				CODE_SIGN_STYLE = Automatic;
				CURRENT_PROJECT_VERSION = 1;
				DEVELOPMENT_TEAM = 6K3XX5R74V;
				GENERATE_INFOPLIST_FILE = YES;
				IPHONEOS_DEPLOYMENT_TARGET = 18.2;
				MARKETING_VERSION = 1.0;
				PRODUCT_BUNDLE_IDENTIFIER = "com.seamlesspay.mlx-chatTests";
				PRODUCT_NAME = "$(TARGET_NAME)";
				SWIFT_EMIT_LOC_STRINGS = NO;
				SWIFT_VERSION = 5.0;
				TARGETED_DEVICE_FAMILY = "1,2";
				TEST_HOST = "$(BUILT_PRODUCTS_DIR)/mlx-chat.app/$(BUNDLE_EXECUTABLE_FOLDER_PATH)/mlx-chat";
			};
			name = Release;
		};
		C8AB91962DFB268B0096AE68 /* Debug */ = {
			isa = XCBuildConfiguration;
			buildSettings = {
				CODE_SIGN_STYLE = Automatic;
				CURRENT_PROJECT_VERSION = 1;
				DEVELOPMENT_TEAM = 6K3XX5R74V;
				GENERATE_INFOPLIST_FILE = YES;
				MARKETING_VERSION = 1.0;
				PRODUCT_BUNDLE_IDENTIFIER = "com.seamlesspay.mlx-chatUITests";
				PRODUCT_NAME = "$(TARGET_NAME)";
				SWIFT_EMIT_LOC_STRINGS = NO;
				SWIFT_VERSION = 5.0;
				TARGETED_DEVICE_FAMILY = "1,2";
				TEST_TARGET_NAME = "mlx-chat";
			};
			name = Debug;
		};
		C8AB91972DFB268B0096AE68 /* Release */ = {
			isa = XCBuildConfiguration;
			buildSettings = {
				CODE_SIGN_STYLE = Automatic;
				CURRENT_PROJECT_VERSION = 1;
				DEVELOPMENT_TEAM = 6K3XX5R74V;
				GENERATE_INFOPLIST_FILE = YES;
				MARKETING_VERSION = 1.0;
				PRODUCT_BUNDLE_IDENTIFIER = "com.seamlesspay.mlx-chatUITests";
				PRODUCT_NAME = "$(TARGET_NAME)";
				SWIFT_EMIT_LOC_STRINGS = NO;
				SWIFT_VERSION = 5.0;
				TARGETED_DEVICE_FAMILY = "1,2";
				TEST_TARGET_NAME = "mlx-chat";
			};
			name = Release;
		};
/* End XCBuildConfiguration section */

/* Begin XCConfigurationList section */
		C8AB91662DFB26890096AE68 /* Build configuration list for PBXProject "mlx-chat" */ = {
			isa = XCConfigurationList;
			buildConfigurations = (
				C8AB918D2DFB268B0096AE68 /* Debug */,
				C8AB918E2DFB268B0096AE68 /* Release */,
			);
			defaultConfigurationIsVisible = 0;
			defaultConfigurationName = Release;
		};
		C8AB918F2DFB268B0096AE68 /* Build configuration list for PBXNativeTarget "mlx-chat" */ = {
			isa = XCConfigurationList;
			buildConfigurations = (
				C8AB91902DFB268B0096AE68 /* Debug */,
				C8AB91912DFB268B0096AE68 /* Release */,
			);
			defaultConfigurationIsVisible = 0;
			defaultConfigurationName = Release;
		};
		C8AB91922DFB268B0096AE68 /* Build configuration list for PBXNativeTarget "mlx-chatTests" */ = {
			isa = XCConfigurationList;
			buildConfigurations = (
				C8AB91932DFB268B0096AE68 /* Debug */,
				C8AB91942DFB268B0096AE68 /* Release */,
			);
			defaultConfigurationIsVisible = 0;
			defaultConfigurationName = Release;
		};
		C8AB91952DFB268B0096AE68 /* Build configuration list for PBXNativeTarget "mlx-chatUITests" */ = {
			isa = XCConfigurationList;
			buildConfigurations = (
				C8AB91962DFB268B0096AE68 /* Debug */,
				C8AB91972DFB268B0096AE68 /* Release */,
			);
			defaultConfigurationIsVisible = 0;
			defaultConfigurationName = Release;
		};
/* End XCConfigurationList section */
	};
	rootObject = C8AB91632DFB26890096AE68 /* Project object */;
}
